// !$*UTF8*$!
{
	archiveVersion = 1;
	classes = {
	};
	objectVersion = 46;
	objects = {

/* Begin PBXBuildFile section */
		16B1C3C01A91813C00CE3136 /* main.m in Sources */ = {isa = PBXBuildFile; fileRef = 16B1C3BF1A91813C00CE3136 /* main.m */; };
		16B1C3C31A91813C00CE3136 /* AppDelegate.m in Sources */ = {isa = PBXBuildFile; fileRef = 16B1C3C21A91813C00CE3136 /* AppDelegate.m */; };
		16B1C3C61A91813C00CE3136 /* ViewController.m in Sources */ = {isa = PBXBuildFile; fileRef = 16B1C3C51A91813C00CE3136 /* ViewController.m */; };
		16B1C3C91A91813C00CE3136 /* Main.storyboard in Resources */ = {isa = PBXBuildFile; fileRef = 16B1C3C71A91813C00CE3136 /* Main.storyboard */; };
		16B1C3CB1A91813C00CE3136 /* Images.xcassets in Resources */ = {isa = PBXBuildFile; fileRef = 16B1C3CA1A91813C00CE3136 /* Images.xcassets */; };
		16B1C3CE1A91813C00CE3136 /* LaunchScreen.xib in Resources */ = {isa = PBXBuildFile; fileRef = 16B1C3CC1A91813C00CE3136 /* LaunchScreen.xib */; };
		16B1C3DA1A91813D00CE3136 /* YoYoBrainTests.m in Sources */ = {isa = PBXBuildFile; fileRef = 16B1C3D91A91813D00CE3136 /* YoYoBrainTests.m */; };
/* End PBXBuildFile section */

/* Begin PBXContainerItemProxy section */
		16B1C3D41A91813D00CE3136 /* PBXContainerItemProxy */ = {
			isa = PBXContainerItemProxy;
			containerPortal = 16B1C3B21A91813C00CE3136 /* Project object */;
			proxyType = 1;
			remoteGlobalIDString = 16B1C3B91A91813C00CE3136;
			remoteInfo = YoYoBrain;
		};
/* End PBXContainerItemProxy section */

/* Begin PBXFileReference section */
		16B1C3BA1A91813C00CE3136 /* YoYoBrain.app */ = {isa = PBXFileReference; explicitFileType = wrapper.application; includeInIndex = 0; path = YoYoBrain.app; sourceTree = BUILT_PRODUCTS_DIR; };
		16B1C3BE1A91813C00CE3136 /* Info.plist */ = {isa = PBXFileReference; lastKnownFileType = text.plist.xml; path = Info.plist; sourceTree = "<group>"; };
		16B1C3BF1A91813C00CE3136 /* main.m */ = {isa = PBXFileReference; lastKnownFileType = sourcecode.c.objc; path = main.m; sourceTree = "<group>"; };
		16B1C3C11A91813C00CE3136 /* AppDelegate.h */ = {isa = PBXFileReference; lastKnownFileType = sourcecode.c.h; path = AppDelegate.h; sourceTree = "<group>"; };
		16B1C3C21A91813C00CE3136 /* AppDelegate.m */ = {isa = PBXFileReference; lastKnownFileType = sourcecode.c.objc; path = AppDelegate.m; sourceTree = "<group>"; };
		16B1C3C41A91813C00CE3136 /* ViewController.h */ = {isa = PBXFileReference; lastKnownFileType = sourcecode.c.h; path = ViewController.h; sourceTree = "<group>"; };
		16B1C3C51A91813C00CE3136 /* ViewController.m */ = {isa = PBXFileReference; lastKnownFileType = sourcecode.c.objc; path = ViewController.m; sourceTree = "<group>"; };
		16B1C3C81A91813C00CE3136 /* Base */ = {isa = PBXFileReference; lastKnownFileType = file.storyboard; name = Base; path = Base.lproj/Main.storyboard; sourceTree = "<group>"; };
		16B1C3CA1A91813C00CE3136 /* Images.xcassets */ = {isa = PBXFileReference; lastKnownFileType = folder.assetcatalog; path = Images.xcassets; sourceTree = "<group>"; };
		16B1C3CD1A91813C00CE3136 /* Base */ = {isa = PBXFileReference; lastKnownFileType = file.xib; name = Base; path = Base.lproj/LaunchScreen.xib; sourceTree = "<group>"; };
		16B1C3D31A91813D00CE3136 /* YoYoBrainTests.xctest */ = {isa = PBXFileReference; explicitFileType = wrapper.cfbundle; includeInIndex = 0; path = YoYoBrainTests.xctest; sourceTree = BUILT_PRODUCTS_DIR; };
		16B1C3D81A91813D00CE3136 /* Info.plist */ = {isa = PBXFileReference; lastKnownFileType = text.plist.xml; path = Info.plist; sourceTree = "<group>"; };
		16B1C3D91A91813D00CE3136 /* YoYoBrainTests.m */ = {isa = PBXFileReference; lastKnownFileType = sourcecode.c.objc; path = YoYoBrainTests.m; sourceTree = "<group>"; };
/* End PBXFileReference section */

/* Begin PBXFrameworksBuildPhase section */
		16B1C3B71A91813C00CE3136 /* Frameworks */ = {
			isa = PBXFrameworksBuildPhase;
			buildActionMask = 2147483647;
			files = (
			);
			runOnlyForDeploymentPostprocessing = 0;
		};
		16B1C3D01A91813D00CE3136 /* Frameworks */ = {
			isa = PBXFrameworksBuildPhase;
			buildActionMask = 2147483647;
			files = (
			);
			runOnlyForDeploymentPostprocessing = 0;
		};
/* End PBXFrameworksBuildPhase section */

/* Begin PBXGroup section */
		16B1C3B11A91813C00CE3136 = {
			isa = PBXGroup;
			children = (
				16B1C3BC1A91813C00CE3136 /* YoYoBrain */,
				16B1C3D61A91813D00CE3136 /* YoYoBrainTests */,
				16B1C3BB1A91813C00CE3136 /* Products */,
			);
			sourceTree = "<group>";
		};
		16B1C3BB1A91813C00CE3136 /* Products */ = {
			isa = PBXGroup;
			children = (
				16B1C3BA1A91813C00CE3136 /* YoYoBrain.app */,
				16B1C3D31A91813D00CE3136 /* YoYoBrainTests.xctest */,
			);
			name = Products;
			sourceTree = "<group>";
		};
		16B1C3BC1A91813C00CE3136 /* YoYoBrain */ = {
			isa = PBXGroup;
			children = (
				16B1C3C11A91813C00CE3136 /* AppDelegate.h */,
				16B1C3C21A91813C00CE3136 /* AppDelegate.m */,
				16B1C3C41A91813C00CE3136 /* ViewController.h */,
				16B1C3C51A91813C00CE3136 /* ViewController.m */,
				16B1C3C71A91813C00CE3136 /* Main.storyboard */,
				16B1C3CA1A91813C00CE3136 /* Images.xcassets */,
				16B1C3CC1A91813C00CE3136 /* LaunchScreen.xib */,
				16B1C3BD1A91813C00CE3136 /* Supporting Files */,
			);
			path = YoYoBrain;
			sourceTree = "<group>";
		};
		16B1C3BD1A91813C00CE3136 /* Supporting Files */ = {
			isa = PBXGroup;
			children = (
				16B1C3BE1A91813C00CE3136 /* Info.plist */,
				16B1C3BF1A91813C00CE3136 /* main.m */,
			);
			name = "Supporting Files";
			sourceTree = "<group>";
		};
		16B1C3D61A91813D00CE3136 /* YoYoBrainTests */ = {
			isa = PBXGroup;
			children = (
				16B1C3D91A91813D00CE3136 /* YoYoBrainTests.m */,
				16B1C3D71A91813D00CE3136 /* Supporting Files */,
			);
			path = YoYoBrainTests;
			sourceTree = "<group>";
		};
		16B1C3D71A91813D00CE3136 /* Supporting Files */ = {
			isa = PBXGroup;
			children = (
				16B1C3D81A91813D00CE3136 /* Info.plist */,
			);
			name = "Supporting Files";
			sourceTree = "<group>";
		};
/* End PBXGroup section */

/* Begin PBXNativeTarget section */
		16B1C3B91A91813C00CE3136 /* YoYoBrain */ = {
			isa = PBXNativeTarget;
			buildConfigurationList = 16B1C3DD1A91813D00CE3136 /* Build configuration list for PBXNativeTarget "YoYoBrain" */;
			buildPhases = (
				16B1C3B61A91813C00CE3136 /* Sources */,
				16B1C3B71A91813C00CE3136 /* Frameworks */,
				16B1C3B81A91813C00CE3136 /* Resources */,
			);
			buildRules = (
			);
			dependencies = (
			);
			name = YoYoBrain;
			productName = YoYoBrain;
			productReference = 16B1C3BA1A91813C00CE3136 /* YoYoBrain.app */;
			productType = "com.apple.product-type.application";
		};
		16B1C3D21A91813D00CE3136 /* YoYoBrainTests */ = {
			isa = PBXNativeTarget;
			buildConfigurationList = 16B1C3E01A91813D00CE3136 /* Build configuration list for PBXNativeTarget "YoYoBrainTests" */;
			buildPhases = (
				16B1C3CF1A91813D00CE3136 /* Sources */,
				16B1C3D01A91813D00CE3136 /* Frameworks */,
				16B1C3D11A91813D00CE3136 /* Resources */,
			);
			buildRules = (
			);
			dependencies = (
				16B1C3D51A91813D00CE3136 /* PBXTargetDependency */,
			);
			name = YoYoBrainTests;
			productName = YoYoBrainTests;
			productReference = 16B1C3D31A91813D00CE3136 /* YoYoBrainTests.xctest */;
			productType = "com.apple.product-type.bundle.unit-test";
		};
/* End PBXNativeTarget section */

/* Begin PBXProject section */
		16B1C3B21A91813C00CE3136 /* Project object */ = {
			isa = PBXProject;
			attributes = {
				LastUpgradeCheck = 0610;
				ORGANIZATIONNAME = "Jacob Bunker, Inc.";
				TargetAttributes = {
					16B1C3B91A91813C00CE3136 = {
						CreatedOnToolsVersion = 6.1.1;
					};
					16B1C3D21A91813D00CE3136 = {
						CreatedOnToolsVersion = 6.1.1;
						TestTargetID = 16B1C3B91A91813C00CE3136;
					};
				};
			};
			buildConfigurationList = 16B1C3B51A91813C00CE3136 /* Build configuration list for PBXProject "YoYoBrain" */;
			compatibilityVersion = "Xcode 3.2";
			developmentRegion = English;
			hasScannedForEncodings = 0;
			knownRegions = (
				en,
				Base,
			);
			mainGroup = 16B1C3B11A91813C00CE3136;
			productRefGroup = 16B1C3BB1A91813C00CE3136 /* Products */;
			projectDirPath = "";
			projectRoot = "";
			targets = (
				16B1C3B91A91813C00CE3136 /* YoYoBrain */,
				16B1C3D21A91813D00CE3136 /* YoYoBrainTests */,
			);
		};
/* End PBXProject section */

/* Begin PBXResourcesBuildPhase section */
		16B1C3B81A91813C00CE3136 /* Resources */ = {
			isa = PBXResourcesBuildPhase;
			buildActionMask = 2147483647;
			files = (
				16B1C3C91A91813C00CE3136 /* Main.storyboard in Resources */,
				16B1C3CE1A91813C00CE3136 /* LaunchScreen.xib in Resources */,
				16B1C3CB1A91813C00CE3136 /* Images.xcassets in Resources */,
			);
			runOnlyForDeploymentPostprocessing = 0;
		};
		16B1C3D11A91813D00CE3136 /* Resources */ = {
			isa = PBXResourcesBuildPhase;
			buildActionMask = 2147483647;
			files = (
			);
			runOnlyForDeploymentPostprocessing = 0;
		};
/* End PBXResourcesBuildPhase section */

/* Begin PBXSourcesBuildPhase section */
		16B1C3B61A91813C00CE3136 /* Sources */ = {
			isa = PBXSourcesBuildPhase;
			buildActionMask = 2147483647;
			files = (
				16B1C3C61A91813C00CE3136 /* ViewController.m in Sources */,
				16B1C3C31A91813C00CE3136 /* AppDelegate.m in Sources */,
				16B1C3C01A91813C00CE3136 /* main.m in Sources */,
			);
			runOnlyForDeploymentPostprocessing = 0;
		};
		16B1C3CF1A91813D00CE3136 /* Sources */ = {
			isa = PBXSourcesBuildPhase;
			buildActionMask = 2147483647;
			files = (
				16B1C3DA1A91813D00CE3136 /* YoYoBrainTests.m in Sources */,
			);
			runOnlyForDeploymentPostprocessing = 0;
		};
/* End PBXSourcesBuildPhase section */

/* Begin PBXTargetDependency section */
		16B1C3D51A91813D00CE3136 /* PBXTargetDependency */ = {
			isa = PBXTargetDependency;
			target = 16B1C3B91A91813C00CE3136 /* YoYoBrain */;
			targetProxy = 16B1C3D41A91813D00CE3136 /* PBXContainerItemProxy */;
		};
/* End PBXTargetDependency section */

/* Begin PBXVariantGroup section */
		16B1C3C71A91813C00CE3136 /* Main.storyboard */ = {
			isa = PBXVariantGroup;
			children = (
				16B1C3C81A91813C00CE3136 /* Base */,
			);
			name = Main.storyboard;
			sourceTree = "<group>";
		};
		16B1C3CC1A91813C00CE3136 /* LaunchScreen.xib */ = {
			isa = PBXVariantGroup;
			children = (
				16B1C3CD1A91813C00CE3136 /* Base */,
			);
			name = LaunchScreen.xib;
			sourceTree = "<group>";
		};
/* End PBXVariantGroup section */

/* Begin XCBuildConfiguration section */
		16B1C3DB1A91813D00CE3136 /* Debug */ = {
			isa = XCBuildConfiguration;
			buildSettings = {
				ALWAYS_SEARCH_USER_PATHS = NO;
				CLANG_CXX_LANGUAGE_STANDARD = "gnu++0x";
				CLANG_CXX_LIBRARY = "libc++";
				CLANG_ENABLE_MODULES = YES;
				CLANG_ENABLE_OBJC_ARC = YES;
				CLANG_WARN_BOOL_CONVERSION = YES;
				CLANG_WARN_CONSTANT_CONVERSION = YES;
				CLANG_WARN_DIRECT_OBJC_ISA_USAGE = YES_ERROR;
				CLANG_WARN_EMPTY_BODY = YES;
				CLANG_WARN_ENUM_CONVERSION = YES;
				CLANG_WARN_INT_CONVERSION = YES;
				CLANG_WARN_OBJC_ROOT_CLASS = YES_ERROR;
				CLANG_WARN_UNREACHABLE_CODE = YES;
				CLANG_WARN__DUPLICATE_METHOD_MATCH = YES;
				"CODE_SIGN_IDENTITY[sdk=iphoneos*]" = "iPhone Developer";
				COPY_PHASE_STRIP = NO;
				ENABLE_STRICT_OBJC_MSGSEND = YES;
				GCC_C_LANGUAGE_STANDARD = gnu99;
				GCC_DYNAMIC_NO_PIC = NO;
				GCC_OPTIMIZATION_LEVEL = 0;
				GCC_PREPROCESSOR_DEFINITIONS = (
					"DEBUG=1",
					"$(inherited)",
				);
				GCC_SYMBOLS_PRIVATE_EXTERN = NO;
				GCC_WARN_64_TO_32_BIT_CONVERSION = YES;
				GCC_WARN_ABOUT_RETURN_TYPE = YES_ERROR;
				GCC_WARN_UNDECLARED_SELECTOR = YES;
				GCC_WARN_UNINITIALIZED_AUTOS = YES_AGGRESSIVE;
				GCC_WARN_UNUSED_FUNCTION = YES;
				GCC_WARN_UNUSED_VARIABLE = YES;
				IPHONEOS_DEPLOYMENT_TARGET = 8.1;
				MTL_ENABLE_DEBUG_INFO = YES;
				ONLY_ACTIVE_ARCH = YES;
				SDKROOT = iphoneos;
			};
			name = Debug;
		};
		16B1C3DC1A91813D00CE3136 /* Release */ = {
			isa = XCBuildConfiguration;
			buildSettings = {
				ALWAYS_SEARCH_USER_PATHS = NO;
				CLANG_CXX_LANGUAGE_STANDARD = "gnu++0x";
				CLANG_CXX_LIBRARY = "libc++";
				CLANG_ENABLE_MODULES = YES;
				CLANG_ENABLE_OBJC_ARC = YES;
				CLANG_WARN_BOOL_CONVERSION = YES;
				CLANG_WARN_CONSTANT_CONVERSION = YES;
				CLANG_WARN_DIRECT_OBJC_ISA_USAGE = YES_ERROR;
				CLANG_WARN_EMPTY_BODY = YES;
				CLANG_WARN_ENUM_CONVERSION = YES;
				CLANG_WARN_INT_CONVERSION = YES;
				CLANG_WARN_OBJC_ROOT_CLASS = YES_ERROR;
				CLANG_WARN_UNREACHABLE_CODE = YES;
				CLANG_WARN__DUPLICATE_METHOD_MATCH = YES;
				"CODE_SIGN_IDENTITY[sdk=iphoneos*]" = "iPhone Developer";
				COPY_PHASE_STRIP = YES;
				ENABLE_NS_ASSERTIONS = NO;
				ENABLE_STRICT_OBJC_MSGSEND = YES;
				GCC_C_LANGUAGE_STANDARD = gnu99;
				GCC_WARN_64_TO_32_BIT_CONVERSION = YES;
				GCC_WARN_ABOUT_RETURN_TYPE = YES_ERROR;
				GCC_WARN_UNDECLARED_SELECTOR = YES;
				GCC_WARN_UNINITIALIZED_AUTOS = YES_AGGRESSIVE;
				GCC_WARN_UNUSED_FUNCTION = YES;
				GCC_WARN_UNUSED_VARIABLE = YES;
				IPHONEOS_DEPLOYMENT_TARGET = 8.1;
				MTL_ENABLE_DEBUG_INFO = NO;
				SDKROOT = iphoneos;
				VALIDATE_PRODUCT = YES;
			};
			name = Release;
		};
		16B1C3DE1A91813D00CE3136 /* Debug */ = {
			isa = XCBuildConfiguration;
			buildSettings = {
				ASSETCATALOG_COMPILER_APPICON_NAME = AppIcon;
				INFOPLIST_FILE = YoYoBrain/Info.plist;
				LD_RUNPATH_SEARCH_PATHS = "$(inherited) @executable_path/Frameworks";
				PRODUCT_NAME = "$(TARGET_NAME)";
			};
			name = Debug;
		};
		16B1C3DF1A91813D00CE3136 /* Release */ = {
			isa = XCBuildConfiguration;
			buildSettings = {
				ASSETCATALOG_COMPILER_APPICON_NAME = AppIcon;
				INFOPLIST_FILE = YoYoBrain/Info.plist;
				LD_RUNPATH_SEARCH_PATHS = "$(inherited) @executable_path/Frameworks";
				PRODUCT_NAME = "$(TARGET_NAME)";
			};
			name = Release;
		};
		16B1C3E11A91813D00CE3136 /* Debug */ = {
			isa = XCBuildConfiguration;
			buildSettings = {
				BUNDLE_LOADER = "$(TEST_HOST)";
				FRAMEWORK_SEARCH_PATHS = (
					"$(SDKROOT)/Developer/Library/Frameworks",
					"$(inherited)",
				);
				GCC_PREPROCESSOR_DEFINITIONS = (
					"DEBUG=1",
					"$(inherited)",
				);
				INFOPLIST_FILE = YoYoBrainTests/Info.plist;
				LD_RUNPATH_SEARCH_PATHS = "$(inherited) @executable_path/Frameworks @loader_path/Frameworks";
				PRODUCT_NAME = "$(TARGET_NAME)";
				TEST_HOST = "$(BUILT_PRODUCTS_DIR)/YoYoBrain.app/YoYoBrain";
			};
			name = Debug;
		};
		16B1C3E21A91813D00CE3136 /* Release */ = {
			isa = XCBuildConfiguration;
			buildSettings = {
				BUNDLE_LOADER = "$(TEST_HOST)";
				FRAMEWORK_SEARCH_PATHS = (
					"$(SDKROOT)/Developer/Library/Frameworks",
					"$(inherited)",
				);
				INFOPLIST_FILE = YoYoBrainTests/Info.plist;
				LD_RUNPATH_SEARCH_PATHS = "$(inherited) @executable_path/Frameworks @loader_path/Frameworks";
				PRODUCT_NAME = "$(TARGET_NAME)";
				TEST_HOST = "$(BUILT_PRODUCTS_DIR)/YoYoBrain.app/YoYoBrain";
			};
			name = Release;
		};
/* End XCBuildConfiguration section */

/* Begin XCConfigurationList section */
		16B1C3B51A91813C00CE3136 /* Build configuration list for PBXProject "YoYoBrain" */ = {
			isa = XCConfigurationList;
			buildConfigurations = (
				16B1C3DB1A91813D00CE3136 /* Debug */,
				16B1C3DC1A91813D00CE3136 /* Release */,
			);
			defaultConfigurationIsVisible = 0;
			defaultConfigurationName = Release;
		};
		16B1C3DD1A91813D00CE3136 /* Build configuration list for PBXNativeTarget "YoYoBrain" */ = {
			isa = XCConfigurationList;
			buildConfigurations = (
				16B1C3DE1A91813D00CE3136 /* Debug */,
				16B1C3DF1A91813D00CE3136 /* Release */,
			);
			defaultConfigurationIsVisible = 0;
		};
		16B1C3E01A91813D00CE3136 /* Build configuration list for PBXNativeTarget "YoYoBrainTests" */ = {
			isa = XCConfigurationList;
			buildConfigurations = (
				16B1C3E11A91813D00CE3136 /* Debug */,
				16B1C3E21A91813D00CE3136 /* Release */,
			);
			defaultConfigurationIsVisible = 0;
		};
/* End XCConfigurationList section */
	};
	rootObject = 16B1C3B21A91813C00CE3136 /* Project object */;
}
